
Microsoft Visual Studio Solution File, Format Version 12.00
# Visual Studio Version 16
VisualStudioVersion = 16.0.31729.503
MinimumVisualStudioVersion = 10.0.40219.1
Project("{9A19103F-16F7-4668-BE54-9A1E7A4F7556}") = "WebApplication8", "WebApplication8\WebApplication8.csproj", "{672D68A5-6B6E-4458-9794-3A0829F3CA18}"
EndProject
Project("{FAE04EC0-301F-11D3-BF4B-00C04F79EFBC}") = "WebMvc", "WebMvc\WebMvc.csproj", "{94AAEF5D-CC79-4F3E-9976-AF2DF95ACD1D}"
EndProject
Global
	GlobalSection(SolutionConfigurationPlatforms) = preSolution
		Debug|Any CPU = Debug|Any CPU
		Release|Any CPU = Release|Any CPU
	EndGlobalSection
	GlobalSection(ProjectConfigurationPlatforms) = postSolution
		{672D68A5-6B6E-4458-9794-3A0829F3CA18}.Debug|Any CPU.ActiveCfg = Debug|Any CPU
		{672D68A5-6B6E-4458-9794-3A0829F3CA18}.Debug|Any CPU.Build.0 = Debug|Any CPU
		{672D68A5-6B6E-4458-9794-3A0829F3CA18}.Release|Any CPU.ActiveCfg = Release|Any CPU
		{672D68A5-6B6E-4458-9794-3A0829F3CA18}.Release|Any CPU.Build.0 = Release|Any CPU
		{94AAEF5D-CC79-4F3E-9976-AF2DF95ACD1D}.Debug|Any CPU.ActiveCfg = Debug|Any CPU
		{94AAEF5D-CC79-4F3E-9976-AF2DF95ACD1D}.Debug|Any CPU.Build.0 = Debug|Any CPU
		{94AAEF5D-CC79-4F3E-9976-AF2DF95ACD1D}.Release|Any CPU.ActiveCfg = Release|Any CPU
		{94AAEF5D-CC79-4F3E-9976-AF2DF95ACD1D}.Release|Any CPU.Build.0 = Release|Any CPU
	EndGlobalSection
	GlobalSection(SolutionProperties) = preSolution
		HideSolutionNode = FALSE
	EndGlobalSection
	GlobalSection(ExtensibilityGlobals) = postSolution
		SolutionGuid = {FB3B3712-7558-40D2-9D4D-9AB72D4715FC}
	EndGlobalSection
EndGlobal
